{
  "name": "dumpgit",
  "version": "1.0.0",
  "lockfileVersion": 3,
  "requires": true,
  "packages": {
    "": {
      "name": "dumpgit",
      "version": "1.0.0",
      "license": "ISC",
      "dependencies": {
        "axios": "^1.7.4",
        "node-gitlab": "^1.6.1",
        "simple-git": "^3.25.0"
      }
    },
    "node_modules/@kwsites/file-exists": {
      "version": "1.1.1",
      "resolved": "https://registry.npmjs.org/@kwsites/file-exists/-/file-exists-1.1.1.tgz",
      "integrity": "sha512-m9/5YGR18lIwxSFDwfE3oA7bWuq9kdau6ugN4H2rJeyhFQZcG9AgSHkQtSD15a8WvTgfz9aikZMrKPHvbpqFiw==",
      "dependencies": {
        "debug": "^4.1.1"
      }
    },
    "node_modules/@kwsites/promise-deferred": {
      "version": "1.1.1",
      "resolved": "https://registry.npmjs.org/@kwsites/promise-deferred/-/promise-deferred-1.1.1.tgz",
      "integrity": "sha512-GaHYm+c0O9MjZRu0ongGBRbinu8gVAMd2UZjji6jVmqKtZluZnptXGWhz1E8j8D2HJ3f/yMxKAUC0b+57wncIw=="
    },
    "node_modules/address": {
      "version": "2.0.3",
      "resolved": "https://registry.npmjs.org/address/-/address-2.0.3.tgz",
      "integrity": "sha512-XNAb/a6TCqou+TufU8/u11HCu9x1gYvOoxLwtlXgIqmkrYQADVv6ljyW2zwiPhHz9R1gItAWpuDrdJMmrOBFEA==",
      "engines": {
        "node": ">= 16.0.0"
      }
    },
    "node_modules/any-promise": {
      "version": "1.3.0",
      "resolved": "https://registry.npmjs.org/any-promise/-/any-promise-1.3.0.tgz",
      "integrity": "sha512-7UvmKalWRt1wgjL1RrGxoSJW/0QZFIegpeGvZG9kjp8vrRu55XTHbwnqq2GpXm9uLbcuhxm3IqX9OB4MZR1b2A=="
    },
    "node_modules/asynckit": {
      "version": "0.4.0",
      "resolved": "https://registry.npmjs.org/asynckit/-/asynckit-0.4.0.tgz",
      "integrity": "sha512-Oei9OH4tRh0YqU3GxhX79dM/mwVgvbZJaSNaRk+bshkj0S5cfHcgYakreBjrHwatXKbz+IoIdYLxrKim2MjW0Q=="
    },
    "node_modules/axios": {
      "version": "1.7.4",
      "resolved": "https://registry.npmjs.org/axios/-/axios-1.7.4.tgz",
      "integrity": "sha512-DukmaFRnY6AzAALSH4J2M3k6PkaC+MfaAGdEERRWcC9q3/TWQwLpHR8ZRLKTdQ3aBDL64EdluRDjJqKw+BPZEw==",
      "dependencies": {
        "follow-redirects": "^1.15.6",
        "form-data": "^4.0.0",
        "proxy-from-env": "^1.1.0"
      }
    },
    "node_modules/combined-stream": {
      "version": "1.0.8",
      "resolved": "https://registry.npmjs.org/combined-stream/-/combined-stream-1.0.8.tgz",
      "integrity": "sha512-FQN4MRfuJeHf7cBbBMJFXhKSDq+2kAArBlmRBvcvFE5BB1HZKXtSFASDhdlz9zOYwxh8lDdnvmMOe/+5cdoEdg==",
      "dependencies": {
        "delayed-stream": "~1.0.0"
      },
      "engines": {
        "node": ">= 0.8"
      }
    },
    "node_modules/debug": {
      "version": "4.3.6",
      "resolved": "https://registry.npmjs.org/debug/-/debug-4.3.6.tgz",
      "integrity": "sha512-O/09Bd4Z1fBrU4VzkhFqVgpPzaGbw6Sm9FEkBT1A/YBXQFGuuSxa1dN2nxgxS34JmKXqYx8CZAwEVoJFImUXIg==",
      "dependencies": {
        "ms": "2.1.2"
      },
      "engines": {
        "node": ">=6.0"
      },
      "peerDependenciesMeta": {
        "supports-color": {
          "optional": true
        }
      }
    },
    "node_modules/default-user-agent": {
      "version": "0.0.1",
      "resolved": "https://registry.npmjs.org/default-user-agent/-/default-user-agent-0.0.1.tgz",
      "integrity": "sha512-9Sj1UX0vdx7z2k7DBIL4y7vb3OU+yzV87MGXagx8IAGIGFdj3XabChfduEWPcYAGc7rjg1NybB5lKcaBbD0wyg==",
      "engines": {
        "node": ">= 0.10.0"
      }
    },
    "node_modules/delayed-stream": {
      "version": "1.0.0",
      "resolved": "https://registry.npmjs.org/delayed-stream/-/delayed-stream-1.0.0.tgz",
      "integrity": "sha512-ZySD7Nf91aLB0RxL4KGrKHBXl7Eds1DAmEdcoVawXnLD7SDhpNgtuII2aAkg7a7QS41jxPSZ17p4VdGnMHk3MQ==",
      "engines": {
        "node": ">=0.4.0"
      }
    },
    "node_modules/digest-header": {
      "version": "0.0.1",
      "resolved": "https://registry.npmjs.org/digest-header/-/digest-header-0.0.1.tgz",
      "integrity": "sha512-Qi0KOZgRnkQJuvMWbs1ZRRajEnbsMU8xlJI4rHIbPC+skHQ30heO5cIHpUFT4jAvAe+zPtdavLSAxASqoyZ3cg==",
      "dependencies": {
        "utility": "0.1.11"
      },
      "engines": {
        "node": ">= 0.10.0"
      }
    },
    "node_modules/enable": {
      "version": "1.3.2",
      "resolved": "https://registry.npmjs.org/enable/-/enable-1.3.2.tgz",
      "integrity": "sha512-X836S0L169pR8DOBMw6pWruSSUuosq7yTjzD74neq6k9I4XJD50R648Hl7G0j3On0a3uAfqWd6oE5WtyIRb3Lg==",
      "engines": {
        "node": ">= 0.10.0"
      }
    },
    "node_modules/follow-redirects": {
      "version": "1.15.6",
      "resolved": "https://registry.npmjs.org/follow-redirects/-/follow-redirects-1.15.6.tgz",
      "integrity": "sha512-wWN62YITEaOpSK584EZXJafH1AGpO8RVgElfkuXbTOrPX4fIfOyEpW/CsiNd8JdYrAoOvafRTOEnvsO++qCqFA==",
      "funding": [
        {
          "type": "individual",
          "url": "https://github.com/sponsors/RubenVerborgh"
        }
      ],
      "engines": {
        "node": ">=4.0"
      },
      "peerDependenciesMeta": {
        "debug": {
          "optional": true
        }
      }
    },
    "node_modules/form-data": {
      "version": "4.0.0",
      "resolved": "https://registry.npmjs.org/form-data/-/form-data-4.0.0.tgz",
      "integrity": "sha512-ETEklSGi5t0QMZuiXoA/Q6vcnxcLQP5vdugSpuAyi6SVGi2clPPp+xgEhuMaHC+zGgn31Kd235W35f7Hykkaww==",
      "dependencies": {
        "asynckit": "^0.4.0",
        "combined-stream": "^1.0.8",
        "mime-types": "^2.1.12"
      },
      "engines": {
        "node": ">= 6"
      }
    },
    "node_modules/mime-db": {
      "version": "1.52.0",
      "resolved": "https://registry.npmjs.org/mime-db/-/mime-db-1.52.0.tgz",
      "integrity": "sha512-sPU4uV7dYlvtWJxwwxHD0PuihVNiE7TyAbQ5SWxDCB9mUYvOgroQOwYQQOKPJ8CIbE+1ETVlOoK1UC2nU3gYvg==",
      "engines": {
        "node": ">= 0.6"
      }
    },
    "node_modules/mime-types": {
      "version": "2.1.35",
      "resolved": "https://registry.npmjs.org/mime-types/-/mime-types-2.1.35.tgz",
      "integrity": "sha512-ZDY+bPm5zTTF+YpCrAU9nK0UgICYPT0QtT1NZWFv4s++TNkcgVaT0g6+4R2uI4MjQjzysHB1zxuWL50hzaeXiw==",
      "dependencies": {
        "mime-db": "1.52.0"
      },
      "engines": {
        "node": ">= 0.6"
      }
    },
    "node_modules/ms": {
      "version": "2.1.2",
      "resolved": "https://registry.npmjs.org/ms/-/ms-2.1.2.tgz",
      "integrity": "sha512-sGkPx+VjMtmA6MX27oA4FBFELFCZZ4S4XqeGOXCv68tT+jb3vk/RyaKWP0PTKyWtmLSM0b+adUTEvbs1PEaH2w=="
    },
    "node_modules/node-gitlab": {
      "version": "1.6.1",
      "resolved": "https://registry.npmjs.org/node-gitlab/-/node-gitlab-1.6.1.tgz",
      "integrity": "sha512-g2LSlFueQCWyu8aEGTPSDJYH0fWKIu3e1iDZDhbcTiK5Cc6naKmTYLSh8oYyk8yf/04xN6MlRsV8kgnZqQpVXQ==",
      "dependencies": {
        "any-promise": "^1.3.0",
        "debug": "^2.6.9",
        "restful-client": "~1.0.0",
        "thunkify-wrap": "~1.0.4"
      }
    },
    "node_modules/node-gitlab/node_modules/debug": {
      "version": "2.6.9",
      "resolved": "https://registry.npmjs.org/debug/-/debug-2.6.9.tgz",
      "integrity": "sha512-bC7ElrdJaJnPbAP+1EotYvqZsb3ecl5wi6Bfi6BJTUcNowp6cvspg0jXznRTKDjm/E7AdgFBVeAPVMNcKGsHMA==",
      "dependencies": {
        "ms": "2.0.0"
      }
    },
    "node_modules/node-gitlab/node_modules/ms": {
      "version": "2.0.0",
      "resolved": "https://registry.npmjs.org/ms/-/ms-2.0.0.tgz",
      "integrity": "sha512-Tpp60P6IUJDTuOq/5Z8cdskzJujfwqfOTkrwIwj7IRISpnkJnT6SyJ4PCPnGMoFjC9ddhal5KVIYtAt97ix05A=="
    },
    "node_modules/proxy-from-env": {
      "version": "1.1.0",
      "resolved": "https://registry.npmjs.org/proxy-from-env/-/proxy-from-env-1.1.0.tgz",
      "integrity": "sha512-D+zkORCbA9f1tdWRK0RaCR3GPv50cMxcrz4X8k5LTSUD1Dkw47mKJEZQNunItRTkWwgtaUSo1RVFRIG9ZXiFYg=="
    },
    "node_modules/restful-client": {
      "version": "1.0.0",
      "resolved": "https://registry.npmjs.org/restful-client/-/restful-client-1.0.0.tgz",
      "integrity": "sha512-P9P7D39s4WITzOiIfM0s8xj5yIaOIrP2qrkr8VZx0dNuFCtohM8HryhnbIKScgspGuHCFxdLj1L1JQS7Vy4ABw==",
      "dependencies": {
        "debug": "~1.0.4",
        "urllib": "~0.5.17"
      },
      "engines": {
        "node": ">= 0.10.0"
      }
    },
    "node_modules/restful-client/node_modules/debug": {
      "version": "1.0.5",
      "resolved": "https://registry.npmjs.org/debug/-/debug-1.0.5.tgz",
      "integrity": "sha512-SIKSrp4+XqcUaNWhwaPJbLFnvSXPsZ4xBdH2WRK0Xo++UzMC4eepYghGAVhVhOwmfq3kqowqJ5w45R3pmYZnuA==",
      "dependencies": {
        "ms": "2.0.0"
      }
    },
    "node_modules/restful-client/node_modules/ms": {
      "version": "2.0.0",
      "resolved": "https://registry.npmjs.org/ms/-/ms-2.0.0.tgz",
      "integrity": "sha512-Tpp60P6IUJDTuOq/5Z8cdskzJujfwqfOTkrwIwj7IRISpnkJnT6SyJ4PCPnGMoFjC9ddhal5KVIYtAt97ix05A=="
    },
    "node_modules/simple-git": {
      "version": "3.25.0",
      "resolved": "https://registry.npmjs.org/simple-git/-/simple-git-3.25.0.tgz",
      "integrity": "sha512-KIY5sBnzc4yEcJXW7Tdv4viEz8KyG+nU0hay+DWZasvdFOYKeUZ6Xc25LUHHjw0tinPT7O1eY6pzX7pRT1K8rw==",
      "dependencies": {
        "@kwsites/file-exists": "^1.1.1",
        "@kwsites/promise-deferred": "^1.1.1",
        "debug": "^4.3.5"
      },
      "funding": {
        "type": "github",
        "url": "https://github.com/steveukx/git-js?sponsor=1"
      }
    },
    "node_modules/thunkify-wrap": {
      "version": "1.0.4",
      "resolved": "https://registry.npmjs.org/thunkify-wrap/-/thunkify-wrap-1.0.4.tgz",
      "integrity": "sha512-FNuuz3q6uxhAAI1K8BBTMZE061e7pGMdXOfQdCyiJDSq+YpCVzfLncdGjRMezf+WDFH5JCafupv7c824QnuNag==",
      "dependencies": {
        "enable": "1"
      }
    },
    "node_modules/urllib": {
      "version": "0.5.18",
      "resolved": "https://registry.npmjs.org/urllib/-/urllib-0.5.18.tgz",
      "integrity": "sha512-nDy57l6efMdUgYLCrXK1iy0JEP+vWgSuLH9fhSPbvEzjbbgJ1Yw+kJmCaONA1I1g8XzLLwmxW4AhYKKQ5jDjHA==",
      "dependencies": {
        "debug": "0.8.1",
        "default-user-agent": "0.0.1",
        "digest-header": "0.0.1"
      },
      "engines": {
        "node": ">= 0.8.0"
      }
    },
    "node_modules/urllib/node_modules/debug": {
      "version": "0.8.1",
      "resolved": "https://registry.npmjs.org/debug/-/debug-0.8.1.tgz",
      "integrity": "sha512-HlXEJm99YsRjLJ8xmuz0Lq8YUwrv7hAJkTEr6/Em3sUlSUNl0UdFA+1SrY4fnykeq1FVkUEUtwRGHs9VvlYbGA==",
      "engines": {
        "node": "*"
      }
    },
    "node_modules/utility": {
      "version": "0.1.11",
      "resolved": "https://registry.npmjs.org/utility/-/utility-0.1.11.tgz",
      "integrity": "sha512-epFsJ71+/yC7MKMX7CM9azP31QBIQhywkiBUj74i/T3Y2TXtEor26QBkat7lGamrrNTr5CBI1imd/8F0Bmqw4g==",
      "dependencies": {
        "address": ">=0.0.1"
      },
      "engines": {
        "node": ">= 0.8.0"
      }
    }
  }
}
